// !$*UTF8*$!
{
	archiveVersion = 1;
	classes = {
	};
	objectVersion = 46;
	objects = {

/* Begin PBXBuildFile section */
		DB0314391DACD39900E63804 /* RITLContactObject+RITLContactFile.m in Sources */ = {isa = PBXBuildFile; fileRef = DB0314381DACD39900E63804 /* RITLContactObject+RITLContactFile.m */; };
		DB40A9811DADCDEB0084DB35 /* NSString+RITLContactFile.m in Sources */ = {isa = PBXBuildFile; fileRef = DB40A9801DADCDEB0084DB35 /* NSString+RITLContactFile.m */; };
		DB4207FC1DB0AF2B0013DAFF /* CNMutableContact+RITLContactFile.m in Sources */ = {isa = PBXBuildFile; fileRef = DB4207FB1DB0AF2B0013DAFF /* CNMutableContact+RITLContactFile.m */; };
		DB62E0481DAC6F89001A59F8 /* main.m in Sources */ = {isa = PBXBuildFile; fileRef = DB62E0471DAC6F89001A59F8 /* main.m */; };
		DB62E04B1DAC6F89001A59F8 /* RITLContactAppDelegate.m in Sources */ = {isa = PBXBuildFile; fileRef = DB62E04A1DAC6F89001A59F8 /* RITLContactAppDelegate.m */; };
		DB62E0511DAC6F89001A59F8 /* Main.storyboard in Resources */ = {isa = PBXBuildFile; fileRef = DB62E04F1DAC6F89001A59F8 /* Main.storyboard */; };
		DB62E0531DAC6F89001A59F8 /* Assets.xcassets in Resources */ = {isa = PBXBuildFile; fileRef = DB62E0521DAC6F89001A59F8 /* Assets.xcassets */; };
		DB62E0561DAC6F89001A59F8 /* LaunchScreen.storyboard in Resources */ = {isa = PBXBuildFile; fileRef = DB62E0541DAC6F89001A59F8 /* LaunchScreen.storyboard */; };
		DB62E0671DAC6FD3001A59F8 /* RITLAddressBookContactObjectManager.m in Sources */ = {isa = PBXBuildFile; fileRef = DB62E0631DAC6FD3001A59F8 /* RITLAddressBookContactObjectManager.m */; };
		DB62E06B1DAC700B001A59F8 /* RITLContactObject.m in Sources */ = {isa = PBXBuildFile; fileRef = DB62E06A1DAC700B001A59F8 /* RITLContactObject.m */; };
		DB62E06E1DAC75D4001A59F8 /* RITLContactsTableViewController.m in Sources */ = {isa = PBXBuildFile; fileRef = DB62E06D1DAC75D4001A59F8 /* RITLContactsTableViewController.m */; };
		DB62E0711DAC7CA1001A59F8 /* RITLAddressBookContactManager.m in Sources */ = {isa = PBXBuildFile; fileRef = DB62E0701DAC7CA1001A59F8 /* RITLAddressBookContactManager.m */; };
		DB62E0741DAC7FC6001A59F8 /* RITLContactsManager.m in Sources */ = {isa = PBXBuildFile; fileRef = DB62E0731DAC7FC6001A59F8 /* RITLContactsManager.m */; };
		DB62E0771DAC8736001A59F8 /* RITLContactObjectManager.m in Sources */ = {isa = PBXBuildFile; fileRef = DB62E0761DAC8736001A59F8 /* RITLContactObjectManager.m */; };
		DB62E07A1DAC8779001A59F8 /* RITLContactManager.m in Sources */ = {isa = PBXBuildFile; fileRef = DB62E0791DAC8779001A59F8 /* RITLContactManager.m */; };
		DB62E07D1DAC8EF4001A59F8 /* CNContactFetchRequest+RITLContactFile.m in Sources */ = {isa = PBXBuildFile; fileRef = DB62E07C1DAC8EF4001A59F8 /* CNContactFetchRequest+RITLContactFile.m */; };
		DBCD75BA1DAF5CCA005ACA15 /* RITLContactCatcheManager.m in Sources */ = {isa = PBXBuildFile; fileRef = DBCD75B91DAF5CCA005ACA15 /* RITLContactCatcheManager.m */; };
		DBCD75BD1DAF834D005ACA15 /* UIAlertController+RITLContactFile.m in Sources */ = {isa = PBXBuildFile; fileRef = DBCD75BC1DAF834D005ACA15 /* UIAlertController+RITLContactFile.m */; };
/* End PBXBuildFile section */

/* Begin PBXFileReference section */
		DB0314371DACD39900E63804 /* RITLContactObject+RITLContactFile.h */ = {isa = PBXFileReference; fileEncoding = 4; lastKnownFileType = sourcecode.c.h; path = "RITLContactObject+RITLContactFile.h"; sourceTree = "<group>"; };
		DB0314381DACD39900E63804 /* RITLContactObject+RITLContactFile.m */ = {isa = PBXFileReference; fileEncoding = 4; lastKnownFileType = sourcecode.c.objc; path = "RITLContactObject+RITLContactFile.m"; sourceTree = "<group>"; };
		DB40A97F1DADCDEB0084DB35 /* NSString+RITLContactFile.h */ = {isa = PBXFileReference; fileEncoding = 4; lastKnownFileType = sourcecode.c.h; path = "NSString+RITLContactFile.h"; sourceTree = "<group>"; };
		DB40A9801DADCDEB0084DB35 /* NSString+RITLContactFile.m */ = {isa = PBXFileReference; fileEncoding = 4; lastKnownFileType = sourcecode.c.objc; path = "NSString+RITLContactFile.m"; sourceTree = "<group>"; };
		DB4207FA1DB0AF2B0013DAFF /* CNMutableContact+RITLContactFile.h */ = {isa = PBXFileReference; fileEncoding = 4; lastKnownFileType = sourcecode.c.h; path = "CNMutableContact+RITLContactFile.h"; sourceTree = "<group>"; };
		DB4207FB1DB0AF2B0013DAFF /* CNMutableContact+RITLContactFile.m */ = {isa = PBXFileReference; fileEncoding = 4; lastKnownFileType = sourcecode.c.objc; path = "CNMutableContact+RITLContactFile.m"; sourceTree = "<group>"; };
		DB62E0431DAC6F89001A59F8 /* RITLContact_Demo.app */ = {isa = PBXFileReference; explicitFileType = wrapper.application; includeInIndex = 0; path = RITLContact_Demo.app; sourceTree = BUILT_PRODUCTS_DIR; };
		DB62E0471DAC6F89001A59F8 /* main.m */ = {isa = PBXFileReference; lastKnownFileType = sourcecode.c.objc; path = main.m; sourceTree = "<group>"; };
		DB62E0491DAC6F89001A59F8 /* RITLContactAppDelegate.h */ = {isa = PBXFileReference; lastKnownFileType = sourcecode.c.h; path = RITLContactAppDelegate.h; sourceTree = "<group>"; };
		DB62E04A1DAC6F89001A59F8 /* RITLContactAppDelegate.m */ = {isa = PBXFileReference; lastKnownFileType = sourcecode.c.objc; path = RITLContactAppDelegate.m; sourceTree = "<group>"; };
		DB62E0501DAC6F89001A59F8 /* Base */ = {isa = PBXFileReference; lastKnownFileType = file.storyboard; name = Base; path = Base.lproj/Main.storyboard; sourceTree = "<group>"; };
		DB62E0521DAC6F89001A59F8 /* Assets.xcassets */ = {isa = PBXFileReference; lastKnownFileType = folder.assetcatalog; path = Assets.xcassets; sourceTree = "<group>"; };
		DB62E0551DAC6F89001A59F8 /* Base */ = {isa = PBXFileReference; lastKnownFileType = file.storyboard; name = Base; path = Base.lproj/LaunchScreen.storyboard; sourceTree = "<group>"; };
		DB62E0571DAC6F89001A59F8 /* Info.plist */ = {isa = PBXFileReference; lastKnownFileType = text.plist.xml; path = Info.plist; sourceTree = "<group>"; };
		DB62E0621DAC6FD3001A59F8 /* RITLAddressBookContactObjectManager.h */ = {isa = PBXFileReference; fileEncoding = 4; lastKnownFileType = sourcecode.c.h; path = RITLAddressBookContactObjectManager.h; sourceTree = "<group>"; };
		DB62E0631DAC6FD3001A59F8 /* RITLAddressBookContactObjectManager.m */ = {isa = PBXFileReference; fileEncoding = 4; lastKnownFileType = sourcecode.c.objc; path = RITLAddressBookContactObjectManager.m; sourceTree = "<group>"; };
		DB62E0691DAC700B001A59F8 /* RITLContactObject.h */ = {isa = PBXFileReference; fileEncoding = 4; lastKnownFileType = sourcecode.c.h; path = RITLContactObject.h; sourceTree = "<group>"; };
		DB62E06A1DAC700B001A59F8 /* RITLContactObject.m */ = {isa = PBXFileReference; fileEncoding = 4; lastKnownFileType = sourcecode.c.objc; path = RITLContactObject.m; sourceTree = "<group>"; };
		DB62E06C1DAC75D4001A59F8 /* RITLContactsTableViewController.h */ = {isa = PBXFileReference; fileEncoding = 4; lastKnownFileType = sourcecode.c.h; path = RITLContactsTableViewController.h; sourceTree = "<group>"; };
		DB62E06D1DAC75D4001A59F8 /* RITLContactsTableViewController.m */ = {isa = PBXFileReference; fileEncoding = 4; lastKnownFileType = sourcecode.c.objc; path = RITLContactsTableViewController.m; sourceTree = "<group>"; };
		DB62E06F1DAC7CA1001A59F8 /* RITLAddressBookContactManager.h */ = {isa = PBXFileReference; fileEncoding = 4; lastKnownFileType = sourcecode.c.h; path = RITLAddressBookContactManager.h; sourceTree = "<group>"; };
		DB62E0701DAC7CA1001A59F8 /* RITLAddressBookContactManager.m */ = {isa = PBXFileReference; fileEncoding = 4; lastKnownFileType = sourcecode.c.objc; path = RITLAddressBookContactManager.m; sourceTree = "<group>"; };
		DB62E0721DAC7FC6001A59F8 /* RITLContactsManager.h */ = {isa = PBXFileReference; fileEncoding = 4; lastKnownFileType = sourcecode.c.h; path = RITLContactsManager.h; sourceTree = "<group>"; };
		DB62E0731DAC7FC6001A59F8 /* RITLContactsManager.m */ = {isa = PBXFileReference; fileEncoding = 4; lastKnownFileType = sourcecode.c.objc; path = RITLContactsManager.m; sourceTree = "<group>"; };
		DB62E0751DAC8736001A59F8 /* RITLContactObjectManager.h */ = {isa = PBXFileReference; fileEncoding = 4; lastKnownFileType = sourcecode.c.h; path = RITLContactObjectManager.h; sourceTree = "<group>"; };
		DB62E0761DAC8736001A59F8 /* RITLContactObjectManager.m */ = {isa = PBXFileReference; fileEncoding = 4; lastKnownFileType = sourcecode.c.objc; path = RITLContactObjectManager.m; sourceTree = "<group>"; };
		DB62E0781DAC8779001A59F8 /* RITLContactManager.h */ = {isa = PBXFileReference; fileEncoding = 4; lastKnownFileType = sourcecode.c.h; path = RITLContactManager.h; sourceTree = "<group>"; };
		DB62E0791DAC8779001A59F8 /* RITLContactManager.m */ = {isa = PBXFileReference; fileEncoding = 4; lastKnownFileType = sourcecode.c.objc; path = RITLContactManager.m; sourceTree = "<group>"; };
		DB62E07B1DAC8EF4001A59F8 /* CNContactFetchRequest+RITLContactFile.h */ = {isa = PBXFileReference; fileEncoding = 4; lastKnownFileType = sourcecode.c.h; path = "CNContactFetchRequest+RITLContactFile.h"; sourceTree = "<group>"; };
		DB62E07C1DAC8EF4001A59F8 /* CNContactFetchRequest+RITLContactFile.m */ = {isa = PBXFileReference; fileEncoding = 4; lastKnownFileType = sourcecode.c.objc; path = "CNContactFetchRequest+RITLContactFile.m"; sourceTree = "<group>"; };
		DB62E07E1DAC9158001A59F8 /* RITLContacts.h */ = {isa = PBXFileReference; lastKnownFileType = sourcecode.c.h; path = RITLContacts.h; sourceTree = "<group>"; };
		DBCD75B81DAF5CCA005ACA15 /* RITLContactCatcheManager.h */ = {isa = PBXFileReference; fileEncoding = 4; lastKnownFileType = sourcecode.c.h; path = RITLContactCatcheManager.h; sourceTree = "<group>"; };
		DBCD75B91DAF5CCA005ACA15 /* RITLContactCatcheManager.m */ = {isa = PBXFileReference; fileEncoding = 4; lastKnownFileType = sourcecode.c.objc; path = RITLContactCatcheManager.m; sourceTree = "<group>"; };
		DBCD75BB1DAF834D005ACA15 /* UIAlertController+RITLContactFile.h */ = {isa = PBXFileReference; fileEncoding = 4; lastKnownFileType = sourcecode.c.h; path = "UIAlertController+RITLContactFile.h"; sourceTree = "<group>"; };
		DBCD75BC1DAF834D005ACA15 /* UIAlertController+RITLContactFile.m */ = {isa = PBXFileReference; fileEncoding = 4; lastKnownFileType = sourcecode.c.objc; path = "UIAlertController+RITLContactFile.m"; sourceTree = "<group>"; };
/* End PBXFileReference section */

/* Begin PBXFrameworksBuildPhase section */
		DB62E0401DAC6F89001A59F8 /* Frameworks */ = {
			isa = PBXFrameworksBuildPhase;
			buildActionMask = 2147483647;
			files = (
			);
			runOnlyForDeploymentPostprocessing = 0;
		};
/* End PBXFrameworksBuildPhase section */

/* Begin PBXGroup section */
		DB62E03A1DAC6F89001A59F8 = {
			isa = PBXGroup;
			children = (
				DB62E0451DAC6F89001A59F8 /* RITLContact_Demo */,
				DB62E0441DAC6F89001A59F8 /* Products */,
			);
			sourceTree = "<group>";
		};
		DB62E0441DAC6F89001A59F8 /* Products */ = {
			isa = PBXGroup;
			children = (
				DB62E0431DAC6F89001A59F8 /* RITLContact_Demo.app */,
			);
			name = Products;
			sourceTree = "<group>";
		};
		DB62E0451DAC6F89001A59F8 /* RITLContact_Demo */ = {
			isa = PBXGroup;
			children = (
				DB62E05D1DAC6FD3001A59F8 /* ContactFile */,
				DB62E0491DAC6F89001A59F8 /* RITLContactAppDelegate.h */,
				DB62E04A1DAC6F89001A59F8 /* RITLContactAppDelegate.m */,
				DB62E06C1DAC75D4001A59F8 /* RITLContactsTableViewController.h */,
				DB62E06D1DAC75D4001A59F8 /* RITLContactsTableViewController.m */,
				DBCD75BB1DAF834D005ACA15 /* UIAlertController+RITLContactFile.h */,
				DBCD75BC1DAF834D005ACA15 /* UIAlertController+RITLContactFile.m */,
				DB62E04F1DAC6F89001A59F8 /* Main.storyboard */,
				DB62E0521DAC6F89001A59F8 /* Assets.xcassets */,
				DB62E0541DAC6F89001A59F8 /* LaunchScreen.storyboard */,
				DB62E0571DAC6F89001A59F8 /* Info.plist */,
				DB62E0461DAC6F89001A59F8 /* Supporting Files */,
			);
			path = RITLContact_Demo;
			sourceTree = "<group>";
		};
		DB62E0461DAC6F89001A59F8 /* Supporting Files */ = {
			isa = PBXGroup;
			children = (
				DB62E0471DAC6F89001A59F8 /* main.m */,
			);
			name = "Supporting Files";
			sourceTree = "<group>";
		};
		DB62E05D1DAC6FD3001A59F8 /* ContactFile */ = {
			isa = PBXGroup;
			children = (
				DB62E07E1DAC9158001A59F8 /* RITLContacts.h */,
				DB62E0691DAC700B001A59F8 /* RITLContactObject.h */,
				DB62E06A1DAC700B001A59F8 /* RITLContactObject.m */,
				DB62E0721DAC7FC6001A59F8 /* RITLContactsManager.h */,
				DB62E0731DAC7FC6001A59F8 /* RITLContactsManager.m */,
				DB62E05E1DAC6FD3001A59F8 /* RITLContactFile */,
				DB62E05F1DAC6FD3001A59F8 /* YAddressBookFile */,
			);
			path = ContactFile;
			sourceTree = "<group>";
		};
		DB62E05E1DAC6FD3001A59F8 /* RITLContactFile */ = {
			isa = PBXGroup;
			children = (
				DB62E0781DAC8779001A59F8 /* RITLContactManager.h */,
				DB62E0791DAC8779001A59F8 /* RITLContactManager.m */,
				DB62E0751DAC8736001A59F8 /* RITLContactObjectManager.h */,
				DB62E0761DAC8736001A59F8 /* RITLContactObjectManager.m */,
				DB62E07B1DAC8EF4001A59F8 /* CNContactFetchRequest+RITLContactFile.h */,
				DB62E07C1DAC8EF4001A59F8 /* CNContactFetchRequest+RITLContactFile.m */,
				DB0314371DACD39900E63804 /* RITLContactObject+RITLContactFile.h */,
				DB0314381DACD39900E63804 /* RITLContactObject+RITLContactFile.m */,
				DB4207FA1DB0AF2B0013DAFF /* CNMutableContact+RITLContactFile.h */,
				DB4207FB1DB0AF2B0013DAFF /* CNMutableContact+RITLContactFile.m */,
				DB40A97F1DADCDEB0084DB35 /* NSString+RITLContactFile.h */,
				DB40A9801DADCDEB0084DB35 /* NSString+RITLContactFile.m */,
				DBCD75B81DAF5CCA005ACA15 /* RITLContactCatcheManager.h */,
				DBCD75B91DAF5CCA005ACA15 /* RITLContactCatcheManager.m */,
			);
			path = RITLContactFile;
			sourceTree = "<group>";
		};
		DB62E05F1DAC6FD3001A59F8 /* YAddressBookFile */ = {
			isa = PBXGroup;
			children = (
				DB62E06F1DAC7CA1001A59F8 /* RITLAddressBookContactManager.h */,
				DB62E0701DAC7CA1001A59F8 /* RITLAddressBookContactManager.m */,
				DB62E0621DAC6FD3001A59F8 /* RITLAddressBookContactObjectManager.h */,
				DB62E0631DAC6FD3001A59F8 /* RITLAddressBookContactObjectManager.m */,
			);
			path = YAddressBookFile;
			sourceTree = "<group>";
		};
/* End PBXGroup section */

/* Begin PBXNativeTarget section */
		DB62E0421DAC6F89001A59F8 /* RITLContact_Demo */ = {
			isa = PBXNativeTarget;
			buildConfigurationList = DB62E05A1DAC6F89001A59F8 /* Build configuration list for PBXNativeTarget "RITLContact_Demo" */;
			buildPhases = (
				DB62E03F1DAC6F89001A59F8 /* Sources */,
				DB62E0401DAC6F89001A59F8 /* Frameworks */,
				DB62E0411DAC6F89001A59F8 /* Resources */,
			);
			buildRules = (
			);
			dependencies = (
			);
			name = RITLContact_Demo;
			productName = RITLContact_Demo;
			productReference = DB62E0431DAC6F89001A59F8 /* RITLContact_Demo.app */;
			productType = "com.apple.product-type.application";
		};
/* End PBXNativeTarget section */

/* Begin PBXProject section */
		DB62E03B1DAC6F89001A59F8 /* Project object */ = {
			isa = PBXProject;
			attributes = {
				CLASSPREFIX = RITL;
				LastUpgradeCheck = 0830;
				ORGANIZATIONNAME = YueWen;
				TargetAttributes = {
					DB62E0421DAC6F89001A59F8 = {
						CreatedOnToolsVersion = 8.0;
						DevelopmentTeam = 8HMFNLUC68;
						ProvisioningStyle = Automatic;
					};
				};
			};
			buildConfigurationList = DB62E03E1DAC6F89001A59F8 /* Build configuration list for PBXProject "RITLContact_Demo" */;
			compatibilityVersion = "Xcode 3.2";
			developmentRegion = English;
			hasScannedForEncodings = 0;
			knownRegions = (
				en,
				Base,
			);
			mainGroup = DB62E03A1DAC6F89001A59F8;
			productRefGroup = DB62E0441DAC6F89001A59F8 /* Products */;
			projectDirPath = "";
			projectRoot = "";
			targets = (
				DB62E0421DAC6F89001A59F8 /* RITLContact_Demo */,
			);
		};
/* End PBXProject section */

/* Begin PBXResourcesBuildPhase section */
		DB62E0411DAC6F89001A59F8 /* Resources */ = {
			isa = PBXResourcesBuildPhase;
			buildActionMask = 2147483647;
			files = (
				DB62E0561DAC6F89001A59F8 /* LaunchScreen.storyboard in Resources */,
				DB62E0531DAC6F89001A59F8 /* Assets.xcassets in Resources */,
				DB62E0511DAC6F89001A59F8 /* Main.storyboard in Resources */,
			);
			runOnlyForDeploymentPostprocessing = 0;
		};
/* End PBXResourcesBuildPhase section */

/* Begin PBXSourcesBuildPhase section */
		DB62E03F1DAC6F89001A59F8 /* Sources */ = {
			isa = PBXSourcesBuildPhase;
			buildActionMask = 2147483647;
			files = (
				DB62E06B1DAC700B001A59F8 /* RITLContactObject.m in Sources */,
				DB4207FC1DB0AF2B0013DAFF /* CNMutableContact+RITLContactFile.m in Sources */,
				DB0314391DACD39900E63804 /* RITLContactObject+RITLContactFile.m in Sources */,
				DB62E07A1DAC8779001A59F8 /* RITLContactManager.m in Sources */,
				DB40A9811DADCDEB0084DB35 /* NSString+RITLContactFile.m in Sources */,
				DB62E0671DAC6FD3001A59F8 /* RITLAddressBookContactObjectManager.m in Sources */,
				DB62E0771DAC8736001A59F8 /* RITLContactObjectManager.m in Sources */,
				DB62E07D1DAC8EF4001A59F8 /* CNContactFetchRequest+RITLContactFile.m in Sources */,
				DB62E04B1DAC6F89001A59F8 /* RITLContactAppDelegate.m in Sources */,
				DBCD75BD1DAF834D005ACA15 /* UIAlertController+RITLContactFile.m in Sources */,
				DBCD75BA1DAF5CCA005ACA15 /* RITLContactCatcheManager.m in Sources */,
				DB62E0711DAC7CA1001A59F8 /* RITLAddressBookContactManager.m in Sources */,
				DB62E0741DAC7FC6001A59F8 /* RITLContactsManager.m in Sources */,
				DB62E06E1DAC75D4001A59F8 /* RITLContactsTableViewController.m in Sources */,
				DB62E0481DAC6F89001A59F8 /* main.m in Sources */,
			);
			runOnlyForDeploymentPostprocessing = 0;
		};
/* End PBXSourcesBuildPhase section */

/* Begin PBXVariantGroup section */
		DB62E04F1DAC6F89001A59F8 /* Main.storyboard */ = {
			isa = PBXVariantGroup;
			children = (
				DB62E0501DAC6F89001A59F8 /* Base */,
			);
			name = Main.storyboard;
			sourceTree = "<group>";
		};
		DB62E0541DAC6F89001A59F8 /* LaunchScreen.storyboard */ = {
			isa = PBXVariantGroup;
			children = (
				DB62E0551DAC6F89001A59F8 /* Base */,
			);
			name = LaunchScreen.storyboard;
			sourceTree = "<group>";
		};
/* End PBXVariantGroup section */

/* Begin XCBuildConfiguration section */
		DB62E0581DAC6F89001A59F8 /* Debug */ = {
			isa = XCBuildConfiguration;
			buildSettings = {
				ALWAYS_SEARCH_USER_PATHS = NO;
				CLANG_ANALYZER_NONNULL = YES;
				CLANG_CXX_LANGUAGE_STANDARD = "gnu++0x";
				CLANG_CXX_LIBRARY = "libc++";
				CLANG_ENABLE_MODULES = YES;
				CLANG_ENABLE_OBJC_ARC = YES;
				CLANG_WARN_BOOL_CONVERSION = YES;
				CLANG_WARN_CONSTANT_CONVERSION = YES;
				CLANG_WARN_DIRECT_OBJC_ISA_USAGE = YES_ERROR;
				CLANG_WARN_DOCUMENTATION_COMMENTS = YES;
				CLANG_WARN_EMPTY_BODY = YES;
				CLANG_WARN_ENUM_CONVERSION = YES;
				CLANG_WARN_INFINITE_RECURSION = YES;
				CLANG_WARN_INT_CONVERSION = YES;
				CLANG_WARN_OBJC_ROOT_CLASS = YES_ERROR;
				CLANG_WARN_SUSPICIOUS_MOVE = YES;
				CLANG_WARN_SUSPICIOUS_MOVES = YES;
				CLANG_WARN_UNREACHABLE_CODE = YES;
				CLANG_WARN__DUPLICATE_METHOD_MATCH = YES;
				"CODE_SIGN_IDENTITY[sdk=iphoneos*]" = "iPhone Developer";
				COPY_PHASE_STRIP = NO;
				DEBUG_INFORMATION_FORMAT = dwarf;
				ENABLE_STRICT_OBJC_MSGSEND = YES;
				ENABLE_TESTABILITY = YES;
				GCC_C_LANGUAGE_STANDARD = gnu99;
				GCC_DYNAMIC_NO_PIC = NO;
				GCC_NO_COMMON_BLOCKS = YES;
				GCC_OPTIMIZATION_LEVEL = 0;
				GCC_PREPROCESSOR_DEFINITIONS = (
					"DEBUG=1",
					"$(inherited)",
				);
				GCC_WARN_64_TO_32_BIT_CONVERSION = YES;
				GCC_WARN_ABOUT_RETURN_TYPE = YES_ERROR;
				GCC_WARN_UNDECLARED_SELECTOR = YES;
				GCC_WARN_UNINITIALIZED_AUTOS = YES_AGGRESSIVE;
				GCC_WARN_UNUSED_FUNCTION = YES;
				GCC_WARN_UNUSED_VARIABLE = YES;
				IPHONEOS_DEPLOYMENT_TARGET = 10.0;
				MTL_ENABLE_DEBUG_INFO = YES;
				ONLY_ACTIVE_ARCH = YES;
				SDKROOT = iphoneos;
			};
			name = Debug;
		};
		DB62E0591DAC6F89001A59F8 /* Release */ = {
			isa = XCBuildConfiguration;
			buildSettings = {
				ALWAYS_SEARCH_USER_PATHS = NO;
				CLANG_ANALYZER_NONNULL = YES;
				CLANG_CXX_LANGUAGE_STANDARD = "gnu++0x";
				CLANG_CXX_LIBRARY = "libc++";
				CLANG_ENABLE_MODULES = YES;
				CLANG_ENABLE_OBJC_ARC = YES;
				CLANG_WARN_BOOL_CONVERSION = YES;
				CLANG_WARN_CONSTANT_CONVERSION = YES;
				CLANG_WARN_DIRECT_OBJC_ISA_USAGE = YES_ERROR;
				CLANG_WARN_DOCUMENTATION_COMMENTS = YES;
				CLANG_WARN_EMPTY_BODY = YES;
				CLANG_WARN_ENUM_CONVERSION = YES;
				CLANG_WARN_INFINITE_RECURSION = YES;
				CLANG_WARN_INT_CONVERSION = YES;
				CLANG_WARN_OBJC_ROOT_CLASS = YES_ERROR;
				CLANG_WARN_SUSPICIOUS_MOVE = YES;
				CLANG_WARN_SUSPICIOUS_MOVES = YES;
				CLANG_WARN_UNREACHABLE_CODE = YES;
				CLANG_WARN__DUPLICATE_METHOD_MATCH = YES;
				"CODE_SIGN_IDENTITY[sdk=iphoneos*]" = "iPhone Developer";
				COPY_PHASE_STRIP = NO;
				DEBUG_INFORMATION_FORMAT = "dwarf-with-dsym";
				ENABLE_NS_ASSERTIONS = NO;
				ENABLE_STRICT_OBJC_MSGSEND = YES;
				GCC_C_LANGUAGE_STANDARD = gnu99;
				GCC_NO_COMMON_BLOCKS = YES;
				GCC_WARN_64_TO_32_BIT_CONVERSION = YES;
				GCC_WARN_ABOUT_RETURN_TYPE = YES_ERROR;
				GCC_WARN_UNDECLARED_SELECTOR = YES;
				GCC_WARN_UNINITIALIZED_AUTOS = YES_AGGRESSIVE;
				GCC_WARN_UNUSED_FUNCTION = YES;
				GCC_WARN_UNUSED_VARIABLE = YES;
				IPHONEOS_DEPLOYMENT_TARGET = 10.0;
				MTL_ENABLE_DEBUG_INFO = NO;
				SDKROOT = iphoneos;
				VALIDATE_PRODUCT = YES;
			};
			name = Release;
		};
		DB62E05B1DAC6F89001A59F8 /* Debug */ = {
			isa = XCBuildConfiguration;
			buildSettings = {
				ASSETCATALOG_COMPILER_APPICON_NAME = AppIcon;
				DEVELOPMENT_TEAM = 8HMFNLUC68;
				INFOPLIST_FILE = RITLContact_Demo/Info.plist;
				LD_RUNPATH_SEARCH_PATHS = "$(inherited) @executable_path/Frameworks";
				PRODUCT_BUNDLE_IDENTIFIER = "com.yue.RITLContact-Demo";
				PRODUCT_NAME = "$(TARGET_NAME)";
			};
			name = Debug;
		};
		DB62E05C1DAC6F89001A59F8 /* Release */ = {
			isa = XCBuildConfiguration;
			buildSettings = {
				ASSETCATALOG_COMPILER_APPICON_NAME = AppIcon;
				DEVELOPMENT_TEAM = 8HMFNLUC68;
				INFOPLIST_FILE = RITLContact_Demo/Info.plist;
				LD_RUNPATH_SEARCH_PATHS = "$(inherited) @executable_path/Frameworks";
				PRODUCT_BUNDLE_IDENTIFIER = "com.yue.RITLContact-Demo";
				PRODUCT_NAME = "$(TARGET_NAME)";
			};
			name = Release;
		};
/* End XCBuildConfiguration section */

/* Begin XCConfigurationList section */
		DB62E03E1DAC6F89001A59F8 /* Build configuration list for PBXProject "RITLContact_Demo" */ = {
			isa = XCConfigurationList;
			buildConfigurations = (
				DB62E0581DAC6F89001A59F8 /* Debug */,
				DB62E0591DAC6F89001A59F8 /* Release */,
			);
			defaultConfigurationIsVisible = 0;
			defaultConfigurationName = Release;
		};
		DB62E05A1DAC6F89001A59F8 /* Build configuration list for PBXNativeTarget "RITLContact_Demo" */ = {
			isa = XCConfigurationList;
			buildConfigurations = (
				DB62E05B1DAC6F89001A59F8 /* Debug */,
				DB62E05C1DAC6F89001A59F8 /* Release */,
			);
			defaultConfigurationIsVisible = 0;
			defaultConfigurationName = Release;
		};
/* End XCConfigurationList section */
	};
	rootObject = DB62E03B1DAC6F89001A59F8 /* Project object */;
}
